
Microsoft Visual Studio Solution File, Format Version 12.00
# Visual Studio Version 17
VisualStudioVersion = 17.10.35122.118
MinimumVisualStudioVersion = 10.0.40219.1
Project("{FAE04EC0-301F-11D3-BF4B-00C04F79EFBC}") = "fajlos", "fajlos.csproj", "{27D6D5C7-E8ED-40FD-8B77-8ABEFD970444}"
EndProject
Global
	GlobalSection(SolutionConfigurationPlatforms) = preSolution
		Debug|Any CPU = Debug|Any CPU
		Release|Any CPU = Release|Any CPU
	EndGlobalSection
	GlobalSection(ProjectConfigurationPlatforms) = postSolution
		{27D6D5C7-E8ED-40FD-8B77-8ABEFD970444}.Debug|Any CPU.ActiveCfg = Debug|Any CPU
		{27D6D5C7-E8ED-40FD-8B77-8ABEFD970444}.Debug|Any CPU.Build.0 = Debug|Any CPU
		{27D6D5C7-E8ED-40FD-8B77-8ABEFD970444}.Release|Any CPU.ActiveCfg = Release|Any CPU
		{27D6D5C7-E8ED-40FD-8B77-8ABEFD970444}.Release|Any CPU.Build.0 = Release|Any CPU
	EndGlobalSection
	GlobalSection(SolutionProperties) = preSolution
		HideSolutionNode = FALSE
	EndGlobalSection
	GlobalSection(ExtensibilityGlobals) = postSolution
		SolutionGuid = {CA806E40-DE95-4DB1-B755-17DDF717B16F}
	EndGlobalSection
EndGlobal
