
Microsoft Visual Studio Solution File, Format Version 12.00
# Visual Studio Version 17
VisualStudioVersion = 17.14.36401.2 d17.14
MinimumVisualStudioVersion = 10.0.40219.1
Project("{FAE04EC0-301F-11D3-BF4B-00C04F79EFBC}") = "nevek", "nevek.csproj", "{9E406547-3163-440A-A6D7-8972EF680A1C}"
EndProject
Global
	GlobalSection(SolutionConfigurationPlatforms) = preSolution
		Debug|Any CPU = Debug|Any CPU
		Release|Any CPU = Release|Any CPU
	EndGlobalSection
	GlobalSection(ProjectConfigurationPlatforms) = postSolution
		{9E406547-3163-440A-A6D7-8972EF680A1C}.Debug|Any CPU.ActiveCfg = Debug|Any CPU
		{9E406547-3163-440A-A6D7-8972EF680A1C}.Debug|Any CPU.Build.0 = Debug|Any CPU
		{9E406547-3163-440A-A6D7-8972EF680A1C}.Release|Any CPU.ActiveCfg = Release|Any CPU
		{9E406547-3163-440A-A6D7-8972EF680A1C}.Release|Any CPU.Build.0 = Release|Any CPU
	EndGlobalSection
	GlobalSection(SolutionProperties) = preSolution
		HideSolutionNode = FALSE
	EndGlobalSection
	GlobalSection(ExtensibilityGlobals) = postSolution
		SolutionGuid = {96A6ECDB-9412-4E76-98AF-9D1CAF0A3FA8}
	EndGlobalSection
EndGlobal
