
Microsoft Visual Studio Solution File, Format Version 12.00
# Visual Studio Version 17
VisualStudioVersion = 17.14.36401.2 d17.14
MinimumVisualStudioVersion = 10.0.40219.1
Project("{FAE04EC0-301F-11D3-BF4B-00C04F79EFBC}") = "urlapos_IKT", "urlapos_IKT.csproj", "{0EFAE41A-E8E0-42DB-B8D7-B923B0570CC7}"
EndProject
Global
	GlobalSection(SolutionConfigurationPlatforms) = preSolution
		Debug|Any CPU = Debug|Any CPU
		Release|Any CPU = Release|Any CPU
	EndGlobalSection
	GlobalSection(ProjectConfigurationPlatforms) = postSolution
		{0EFAE41A-E8E0-42DB-B8D7-B923B0570CC7}.Debug|Any CPU.ActiveCfg = Debug|Any CPU
		{0EFAE41A-E8E0-42DB-B8D7-B923B0570CC7}.Debug|Any CPU.Build.0 = Debug|Any CPU
		{0EFAE41A-E8E0-42DB-B8D7-B923B0570CC7}.Release|Any CPU.ActiveCfg = Release|Any CPU
		{0EFAE41A-E8E0-42DB-B8D7-B923B0570CC7}.Release|Any CPU.Build.0 = Release|Any CPU
	EndGlobalSection
	GlobalSection(SolutionProperties) = preSolution
		HideSolutionNode = FALSE
	EndGlobalSection
	GlobalSection(ExtensibilityGlobals) = postSolution
		SolutionGuid = {F45DCDE1-2ADB-4951-A316-106F14725BE3}
	EndGlobalSection
EndGlobal
