
Microsoft Visual Studio Solution File, Format Version 12.00
# Visual Studio Version 17
VisualStudioVersion = 17.14.36401.2
MinimumVisualStudioVersion = 10.0.40219.1
Project("{FAE04EC0-301F-11D3-BF4B-00C04F79EFBC}") = "latin_tanc", "latin_tanc.csproj", "{465DF722-B6B4-48D7-8320-4B26E2D48BEE}"
EndProject
Project("{2150E333-8FDC-42A3-9474-1A3956D46DE8}") = "Solution Items", "Solution Items", "{8EC462FD-D22E-90A8-E5CE-7E832BA40C5D}"
EndProject
Project("{FAE04EC0-301F-11D3-BF4B-00C04F79EFBC}") = "latin_tanc_WPF", "..\latin_tanc_WPF\latin_tanc_WPF.csproj", "{3517A297-869E-4F18-AE2E-FE5280D5A3BA}"
EndProject
Global
	GlobalSection(SolutionConfigurationPlatforms) = preSolution
		Debug|Any CPU = Debug|Any CPU
		Release|Any CPU = Release|Any CPU
	EndGlobalSection
	GlobalSection(ProjectConfigurationPlatforms) = postSolution
		{465DF722-B6B4-48D7-8320-4B26E2D48BEE}.Debug|Any CPU.ActiveCfg = Debug|Any CPU
		{465DF722-B6B4-48D7-8320-4B26E2D48BEE}.Debug|Any CPU.Build.0 = Debug|Any CPU
		{465DF722-B6B4-48D7-8320-4B26E2D48BEE}.Release|Any CPU.ActiveCfg = Release|Any CPU
		{465DF722-B6B4-48D7-8320-4B26E2D48BEE}.Release|Any CPU.Build.0 = Release|Any CPU
		{3517A297-869E-4F18-AE2E-FE5280D5A3BA}.Debug|Any CPU.ActiveCfg = Debug|Any CPU
		{3517A297-869E-4F18-AE2E-FE5280D5A3BA}.Debug|Any CPU.Build.0 = Debug|Any CPU
		{3517A297-869E-4F18-AE2E-FE5280D5A3BA}.Release|Any CPU.ActiveCfg = Release|Any CPU
		{3517A297-869E-4F18-AE2E-FE5280D5A3BA}.Release|Any CPU.Build.0 = Release|Any CPU
	EndGlobalSection
	GlobalSection(SolutionProperties) = preSolution
		HideSolutionNode = FALSE
	EndGlobalSection
	GlobalSection(ExtensibilityGlobals) = postSolution
		SolutionGuid = {3F7A49DC-CF8C-4A15-B548-A34C2C922CAE}
	EndGlobalSection
EndGlobal
