
Microsoft Visual Studio Solution File, Format Version 12.00
# Visual Studio Version 17
VisualStudioVersion = 17.10.35122.118
MinimumVisualStudioVersion = 10.0.40219.1
Project("{FAE04EC0-301F-11D3-BF4B-00C04F79EFBC}") = "utca_WPF", "utca_WPF.csproj", "{1497C931-7450-41C2-8438-48222D45CF0F}"
EndProject
Global
	GlobalSection(SolutionConfigurationPlatforms) = preSolution
		Debug|Any CPU = Debug|Any CPU
		Release|Any CPU = Release|Any CPU
	EndGlobalSection
	GlobalSection(ProjectConfigurationPlatforms) = postSolution
		{1497C931-7450-41C2-8438-48222D45CF0F}.Debug|Any CPU.ActiveCfg = Debug|Any CPU
		{1497C931-7450-41C2-8438-48222D45CF0F}.Debug|Any CPU.Build.0 = Debug|Any CPU
		{1497C931-7450-41C2-8438-48222D45CF0F}.Release|Any CPU.ActiveCfg = Release|Any CPU
		{1497C931-7450-41C2-8438-48222D45CF0F}.Release|Any CPU.Build.0 = Release|Any CPU
	EndGlobalSection
	GlobalSection(SolutionProperties) = preSolution
		HideSolutionNode = FALSE
	EndGlobalSection
	GlobalSection(ExtensibilityGlobals) = postSolution
		SolutionGuid = {9B108889-C105-4021-946D-7ADEE67E98B5}
	EndGlobalSection
EndGlobal
