
Microsoft Visual Studio Solution File, Format Version 12.00
# Visual Studio Version 17
VisualStudioVersion = 17.10.35122.118
MinimumVisualStudioVersion = 10.0.40219.1
Project("{FAE04EC0-301F-11D3-BF4B-00C04F79EFBC}") = "cbradio", "cbradio.csproj", "{FDC84C19-49B5-4D47-85A2-C60187E71909}"
EndProject
Global
	GlobalSection(SolutionConfigurationPlatforms) = preSolution
		Debug|Any CPU = Debug|Any CPU
		Release|Any CPU = Release|Any CPU
	EndGlobalSection
	GlobalSection(ProjectConfigurationPlatforms) = postSolution
		{FDC84C19-49B5-4D47-85A2-C60187E71909}.Debug|Any CPU.ActiveCfg = Debug|Any CPU
		{FDC84C19-49B5-4D47-85A2-C60187E71909}.Debug|Any CPU.Build.0 = Debug|Any CPU
		{FDC84C19-49B5-4D47-85A2-C60187E71909}.Release|Any CPU.ActiveCfg = Release|Any CPU
		{FDC84C19-49B5-4D47-85A2-C60187E71909}.Release|Any CPU.Build.0 = Release|Any CPU
	EndGlobalSection
	GlobalSection(SolutionProperties) = preSolution
		HideSolutionNode = FALSE
	EndGlobalSection
	GlobalSection(ExtensibilityGlobals) = postSolution
		SolutionGuid = {980F133C-C581-4211-A614-0568E569D5C4}
	EndGlobalSection
EndGlobal
