
Microsoft Visual Studio Solution File, Format Version 12.00
# Visual Studio Version 17
VisualStudioVersion = 17.10.35122.118
MinimumVisualStudioVersion = 10.0.40219.1
Project("{FAE04EC0-301F-11D3-BF4B-00C04F79EFBC}") = "proba2024", "proba2024\proba2024.csproj", "{CAD99FAC-E55A-4460-8CA1-3397DBCDFEFC}"
EndProject
Global
	GlobalSection(SolutionConfigurationPlatforms) = preSolution
		Debug|Any CPU = Debug|Any CPU
		Release|Any CPU = Release|Any CPU
	EndGlobalSection
	GlobalSection(ProjectConfigurationPlatforms) = postSolution
		{CAD99FAC-E55A-4460-8CA1-3397DBCDFEFC}.Debug|Any CPU.ActiveCfg = Debug|Any CPU
		{CAD99FAC-E55A-4460-8CA1-3397DBCDFEFC}.Debug|Any CPU.Build.0 = Debug|Any CPU
		{CAD99FAC-E55A-4460-8CA1-3397DBCDFEFC}.Release|Any CPU.ActiveCfg = Release|Any CPU
		{CAD99FAC-E55A-4460-8CA1-3397DBCDFEFC}.Release|Any CPU.Build.0 = Release|Any CPU
	EndGlobalSection
	GlobalSection(SolutionProperties) = preSolution
		HideSolutionNode = FALSE
	EndGlobalSection
	GlobalSection(ExtensibilityGlobals) = postSolution
		SolutionGuid = {966B262E-ECB3-466A-A039-94E6A036E018}
	EndGlobalSection
EndGlobal
