
Microsoft Visual Studio Solution File, Format Version 12.00
# Visual Studio Version 17
VisualStudioVersion = 17.10.35122.118
MinimumVisualStudioVersion = 10.0.40219.1
Project("{FAE04EC0-301F-11D3-BF4B-00C04F79EFBC}") = "Tombproba", "Tombproba.csproj", "{EF7118D7-57E8-44B6-BCF9-C97E3879F364}"
EndProject
Global
	GlobalSection(SolutionConfigurationPlatforms) = preSolution
		Debug|Any CPU = Debug|Any CPU
		Release|Any CPU = Release|Any CPU
	EndGlobalSection
	GlobalSection(ProjectConfigurationPlatforms) = postSolution
		{EF7118D7-57E8-44B6-BCF9-C97E3879F364}.Debug|Any CPU.ActiveCfg = Debug|Any CPU
		{EF7118D7-57E8-44B6-BCF9-C97E3879F364}.Debug|Any CPU.Build.0 = Debug|Any CPU
		{EF7118D7-57E8-44B6-BCF9-C97E3879F364}.Release|Any CPU.ActiveCfg = Release|Any CPU
		{EF7118D7-57E8-44B6-BCF9-C97E3879F364}.Release|Any CPU.Build.0 = Release|Any CPU
	EndGlobalSection
	GlobalSection(SolutionProperties) = preSolution
		HideSolutionNode = FALSE
	EndGlobalSection
	GlobalSection(ExtensibilityGlobals) = postSolution
		SolutionGuid = {E21C5E3C-0DBA-483F-B0F4-F4438FE36B2C}
	EndGlobalSection
EndGlobal
