
Microsoft Visual Studio Solution File, Format Version 12.00
# Visual Studio Version 17
VisualStudioVersion = 17.14.36401.2 d17.14
MinimumVisualStudioVersion = 10.0.40219.1
Project("{FAE04EC0-301F-11D3-BF4B-00C04F79EFBC}") = "afeladatazlenne", "afeladatazlenne.csproj", "{6EF1D357-3E38-4C5A-8422-FF8D6A600E4A}"
EndProject
Global
	GlobalSection(SolutionConfigurationPlatforms) = preSolution
		Debug|Any CPU = Debug|Any CPU
		Release|Any CPU = Release|Any CPU
	EndGlobalSection
	GlobalSection(ProjectConfigurationPlatforms) = postSolution
		{6EF1D357-3E38-4C5A-8422-FF8D6A600E4A}.Debug|Any CPU.ActiveCfg = Debug|Any CPU
		{6EF1D357-3E38-4C5A-8422-FF8D6A600E4A}.Debug|Any CPU.Build.0 = Debug|Any CPU
		{6EF1D357-3E38-4C5A-8422-FF8D6A600E4A}.Release|Any CPU.ActiveCfg = Release|Any CPU
		{6EF1D357-3E38-4C5A-8422-FF8D6A600E4A}.Release|Any CPU.Build.0 = Release|Any CPU
	EndGlobalSection
	GlobalSection(SolutionProperties) = preSolution
		HideSolutionNode = FALSE
	EndGlobalSection
	GlobalSection(ExtensibilityGlobals) = postSolution
		SolutionGuid = {8E9C8749-B3BE-4FEA-8DB0-D7DB95C5D41A}
	EndGlobalSection
EndGlobal
