
Microsoft Visual Studio Solution File, Format Version 12.00
# Visual Studio Version 17
VisualStudioVersion = 17.14.36401.2
MinimumVisualStudioVersion = 10.0.40219.1
Project("{FAE04EC0-301F-11D3-BF4B-00C04F79EFBC}") = "gyakorlasOsszes", "gyakorlasOsszes\gyakorlasOsszes.csproj", "{213F3191-4DFA-46E0-A2F9-E25D8A086224}"
EndProject
Project("{FAE04EC0-301F-11D3-BF4B-00C04F79EFBC}") = "interface_gyakorlas", "interface_gyakorlas\interface_gyakorlas.csproj", "{D64A9142-8A18-4BF2-93EA-87F4C5C18CF5}"
EndProject
Project("{FAE04EC0-301F-11D3-BF4B-00C04F79EFBC}") = "autoOOP", "autoOOP\autoOOP.csproj", "{AB4ECABA-E875-4F9C-9C79-27811F04C4D3}"
EndProject
Project("{FAE04EC0-301F-11D3-BF4B-00C04F79EFBC}") = "OOPgyak2", "OOPgyak2\OOPgyak2.csproj", "{4D63E0CB-3110-41D0-B6B5-ADBC0E9B6FEB}"
EndProject
Project("{FAE04EC0-301F-11D3-BF4B-00C04F79EFBC}") = "OOP3gyak", "OOP3gyak\OOP3gyak.csproj", "{FC3B63F4-1FDA-4FCB-A374-62A294CD3BD4}"
EndProject
Project("{FAE04EC0-301F-11D3-BF4B-00C04F79EFBC}") = "OOPgyak4", "OOPgyak4\OOPgyak4.csproj", "{30027E03-EE30-432C-86C5-0DF8C7D22DA2}"
EndProject
Project("{FAE04EC0-301F-11D3-BF4B-00C04F79EFBC}") = "OOPgyak5", "OOPgyak5\OOPgyak5.csproj", "{D41DE5A0-4766-4BCA-9D4A-98BBBDE7E17E}"
EndProject
Project("{FAE04EC0-301F-11D3-BF4B-00C04F79EFBC}") = "metHU", "metHU\metHU.csproj", "{2B26B058-6A35-4977-93C2-ECF6C11A4B96}"
EndProject
Project("{FAE04EC0-301F-11D3-BF4B-00C04F79EFBC}") = "telepuleses", "telepuleses\telepuleses.csproj", "{F3DA73C9-8847-49D1-85A5-9BB0C3DEFD5A}"
EndProject
Project("{FAE04EC0-301F-11D3-BF4B-00C04F79EFBC}") = "jelados", "jelados\jelados.csproj", "{40EF3C3B-A4F7-4B29-893E-569AAF4697FE}"
EndProject
Project("{FAE04EC0-301F-11D3-BF4B-00C04F79EFBC}") = "godor", "godor\godor.csproj", "{81E614C1-8106-421C-8B27-66C235E36557}"
EndProject
Project("{FAE04EC0-301F-11D3-BF4B-00C04F79EFBC}") = "tantargyi", "tantargyi\tantargyi.csproj", "{18619378-0E71-44B0-9C6B-800F5C3C6473}"
EndProject
Project("{FAE04EC0-301F-11D3-BF4B-00C04F79EFBC}") = "sipalya", "sipalya\sipalya.csproj", "{EB23F413-EE5E-415C-AE01-EE577396E76C}"
EndProject
Project("{FAE04EC0-301F-11D3-BF4B-00C04F79EFBC}") = "koordinatas_operatoros", "koordinatas_operatoros\koordinatas_operatoros.csproj", "{7029B091-60E8-4A31-B686-D9F760A39389}"
EndProject
Global
	GlobalSection(SolutionConfigurationPlatforms) = preSolution
		Debug|Any CPU = Debug|Any CPU
		Release|Any CPU = Release|Any CPU
	EndGlobalSection
	GlobalSection(ProjectConfigurationPlatforms) = postSolution
		{213F3191-4DFA-46E0-A2F9-E25D8A086224}.Debug|Any CPU.ActiveCfg = Debug|Any CPU
		{213F3191-4DFA-46E0-A2F9-E25D8A086224}.Debug|Any CPU.Build.0 = Debug|Any CPU
		{213F3191-4DFA-46E0-A2F9-E25D8A086224}.Release|Any CPU.ActiveCfg = Release|Any CPU
		{213F3191-4DFA-46E0-A2F9-E25D8A086224}.Release|Any CPU.Build.0 = Release|Any CPU
		{D64A9142-8A18-4BF2-93EA-87F4C5C18CF5}.Debug|Any CPU.ActiveCfg = Debug|Any CPU
		{D64A9142-8A18-4BF2-93EA-87F4C5C18CF5}.Debug|Any CPU.Build.0 = Debug|Any CPU
		{D64A9142-8A18-4BF2-93EA-87F4C5C18CF5}.Release|Any CPU.ActiveCfg = Release|Any CPU
		{D64A9142-8A18-4BF2-93EA-87F4C5C18CF5}.Release|Any CPU.Build.0 = Release|Any CPU
		{AB4ECABA-E875-4F9C-9C79-27811F04C4D3}.Debug|Any CPU.ActiveCfg = Debug|Any CPU
		{AB4ECABA-E875-4F9C-9C79-27811F04C4D3}.Debug|Any CPU.Build.0 = Debug|Any CPU
		{AB4ECABA-E875-4F9C-9C79-27811F04C4D3}.Release|Any CPU.ActiveCfg = Release|Any CPU
		{AB4ECABA-E875-4F9C-9C79-27811F04C4D3}.Release|Any CPU.Build.0 = Release|Any CPU
		{4D63E0CB-3110-41D0-B6B5-ADBC0E9B6FEB}.Debug|Any CPU.ActiveCfg = Debug|Any CPU
		{4D63E0CB-3110-41D0-B6B5-ADBC0E9B6FEB}.Debug|Any CPU.Build.0 = Debug|Any CPU
		{4D63E0CB-3110-41D0-B6B5-ADBC0E9B6FEB}.Release|Any CPU.ActiveCfg = Release|Any CPU
		{4D63E0CB-3110-41D0-B6B5-ADBC0E9B6FEB}.Release|Any CPU.Build.0 = Release|Any CPU
		{FC3B63F4-1FDA-4FCB-A374-62A294CD3BD4}.Debug|Any CPU.ActiveCfg = Debug|Any CPU
		{FC3B63F4-1FDA-4FCB-A374-62A294CD3BD4}.Debug|Any CPU.Build.0 = Debug|Any CPU
		{FC3B63F4-1FDA-4FCB-A374-62A294CD3BD4}.Release|Any CPU.ActiveCfg = Release|Any CPU
		{FC3B63F4-1FDA-4FCB-A374-62A294CD3BD4}.Release|Any CPU.Build.0 = Release|Any CPU
		{30027E03-EE30-432C-86C5-0DF8C7D22DA2}.Debug|Any CPU.ActiveCfg = Debug|Any CPU
		{30027E03-EE30-432C-86C5-0DF8C7D22DA2}.Debug|Any CPU.Build.0 = Debug|Any CPU
		{30027E03-EE30-432C-86C5-0DF8C7D22DA2}.Release|Any CPU.ActiveCfg = Release|Any CPU
		{30027E03-EE30-432C-86C5-0DF8C7D22DA2}.Release|Any CPU.Build.0 = Release|Any CPU
		{D41DE5A0-4766-4BCA-9D4A-98BBBDE7E17E}.Debug|Any CPU.ActiveCfg = Debug|Any CPU
		{D41DE5A0-4766-4BCA-9D4A-98BBBDE7E17E}.Debug|Any CPU.Build.0 = Debug|Any CPU
		{D41DE5A0-4766-4BCA-9D4A-98BBBDE7E17E}.Release|Any CPU.ActiveCfg = Release|Any CPU
		{D41DE5A0-4766-4BCA-9D4A-98BBBDE7E17E}.Release|Any CPU.Build.0 = Release|Any CPU
		{2B26B058-6A35-4977-93C2-ECF6C11A4B96}.Debug|Any CPU.ActiveCfg = Debug|Any CPU
		{2B26B058-6A35-4977-93C2-ECF6C11A4B96}.Debug|Any CPU.Build.0 = Debug|Any CPU
		{2B26B058-6A35-4977-93C2-ECF6C11A4B96}.Release|Any CPU.ActiveCfg = Release|Any CPU
		{2B26B058-6A35-4977-93C2-ECF6C11A4B96}.Release|Any CPU.Build.0 = Release|Any CPU
		{F3DA73C9-8847-49D1-85A5-9BB0C3DEFD5A}.Debug|Any CPU.ActiveCfg = Debug|Any CPU
		{F3DA73C9-8847-49D1-85A5-9BB0C3DEFD5A}.Debug|Any CPU.Build.0 = Debug|Any CPU
		{F3DA73C9-8847-49D1-85A5-9BB0C3DEFD5A}.Release|Any CPU.ActiveCfg = Release|Any CPU
		{F3DA73C9-8847-49D1-85A5-9BB0C3DEFD5A}.Release|Any CPU.Build.0 = Release|Any CPU
		{40EF3C3B-A4F7-4B29-893E-569AAF4697FE}.Debug|Any CPU.ActiveCfg = Debug|Any CPU
		{40EF3C3B-A4F7-4B29-893E-569AAF4697FE}.Debug|Any CPU.Build.0 = Debug|Any CPU
		{40EF3C3B-A4F7-4B29-893E-569AAF4697FE}.Release|Any CPU.ActiveCfg = Release|Any CPU
		{40EF3C3B-A4F7-4B29-893E-569AAF4697FE}.Release|Any CPU.Build.0 = Release|Any CPU
		{81E614C1-8106-421C-8B27-66C235E36557}.Debug|Any CPU.ActiveCfg = Debug|Any CPU
		{81E614C1-8106-421C-8B27-66C235E36557}.Debug|Any CPU.Build.0 = Debug|Any CPU
		{81E614C1-8106-421C-8B27-66C235E36557}.Release|Any CPU.ActiveCfg = Release|Any CPU
		{81E614C1-8106-421C-8B27-66C235E36557}.Release|Any CPU.Build.0 = Release|Any CPU
		{18619378-0E71-44B0-9C6B-800F5C3C6473}.Debug|Any CPU.ActiveCfg = Debug|Any CPU
		{18619378-0E71-44B0-9C6B-800F5C3C6473}.Debug|Any CPU.Build.0 = Debug|Any CPU
		{18619378-0E71-44B0-9C6B-800F5C3C6473}.Release|Any CPU.ActiveCfg = Release|Any CPU
		{18619378-0E71-44B0-9C6B-800F5C3C6473}.Release|Any CPU.Build.0 = Release|Any CPU
		{EB23F413-EE5E-415C-AE01-EE577396E76C}.Debug|Any CPU.ActiveCfg = Debug|Any CPU
		{EB23F413-EE5E-415C-AE01-EE577396E76C}.Debug|Any CPU.Build.0 = Debug|Any CPU
		{EB23F413-EE5E-415C-AE01-EE577396E76C}.Release|Any CPU.ActiveCfg = Release|Any CPU
		{EB23F413-EE5E-415C-AE01-EE577396E76C}.Release|Any CPU.Build.0 = Release|Any CPU
		{7029B091-60E8-4A31-B686-D9F760A39389}.Debug|Any CPU.ActiveCfg = Debug|Any CPU
		{7029B091-60E8-4A31-B686-D9F760A39389}.Debug|Any CPU.Build.0 = Debug|Any CPU
		{7029B091-60E8-4A31-B686-D9F760A39389}.Release|Any CPU.ActiveCfg = Release|Any CPU
		{7029B091-60E8-4A31-B686-D9F760A39389}.Release|Any CPU.Build.0 = Release|Any CPU
	EndGlobalSection
	GlobalSection(SolutionProperties) = preSolution
		HideSolutionNode = FALSE
	EndGlobalSection
	GlobalSection(ExtensibilityGlobals) = postSolution
		SolutionGuid = {AD95561B-6662-4EEE-B8D1-8E5CFD55A6CC}
	EndGlobalSection
EndGlobal
