
Microsoft Visual Studio Solution File, Format Version 12.00
# Visual Studio Version 17
VisualStudioVersion = 17.10.35122.118
MinimumVisualStudioVersion = 10.0.40219.1
Project("{FAE04EC0-301F-11D3-BF4B-00C04F79EFBC}") = "gyakorlas2", "gyakorlas2.csproj", "{6275BFB6-F6BC-405C-A6B5-BB9300A3C25D}"
EndProject
Global
	GlobalSection(SolutionConfigurationPlatforms) = preSolution
		Debug|Any CPU = Debug|Any CPU
		Release|Any CPU = Release|Any CPU
	EndGlobalSection
	GlobalSection(ProjectConfigurationPlatforms) = postSolution
		{6275BFB6-F6BC-405C-A6B5-BB9300A3C25D}.Debug|Any CPU.ActiveCfg = Debug|Any CPU
		{6275BFB6-F6BC-405C-A6B5-BB9300A3C25D}.Debug|Any CPU.Build.0 = Debug|Any CPU
		{6275BFB6-F6BC-405C-A6B5-BB9300A3C25D}.Release|Any CPU.ActiveCfg = Release|Any CPU
		{6275BFB6-F6BC-405C-A6B5-BB9300A3C25D}.Release|Any CPU.Build.0 = Release|Any CPU
	EndGlobalSection
	GlobalSection(SolutionProperties) = preSolution
		HideSolutionNode = FALSE
	EndGlobalSection
	GlobalSection(ExtensibilityGlobals) = postSolution
		SolutionGuid = {546043F8-2331-4683-B6A8-4FC78FCC31A5}
	EndGlobalSection
EndGlobal
