
Microsoft Visual Studio Solution File, Format Version 12.00
# Visual Studio Version 17
VisualStudioVersion = 17.14.36401.2 d17.14
MinimumVisualStudioVersion = 10.0.40219.1
Project("{FAE04EC0-301F-11D3-BF4B-00C04F79EFBC}") = "szalag", "szalag\szalag.csproj", "{06879340-A1AF-469F-A9AF-182C197A430B}"
EndProject
Global
	GlobalSection(SolutionConfigurationPlatforms) = preSolution
		Debug|Any CPU = Debug|Any CPU
		Release|Any CPU = Release|Any CPU
	EndGlobalSection
	GlobalSection(ProjectConfigurationPlatforms) = postSolution
		{06879340-A1AF-469F-A9AF-182C197A430B}.Debug|Any CPU.ActiveCfg = Debug|Any CPU
		{06879340-A1AF-469F-A9AF-182C197A430B}.Debug|Any CPU.Build.0 = Debug|Any CPU
		{06879340-A1AF-469F-A9AF-182C197A430B}.Release|Any CPU.ActiveCfg = Release|Any CPU
		{06879340-A1AF-469F-A9AF-182C197A430B}.Release|Any CPU.Build.0 = Release|Any CPU
	EndGlobalSection
	GlobalSection(SolutionProperties) = preSolution
		HideSolutionNode = FALSE
	EndGlobalSection
	GlobalSection(ExtensibilityGlobals) = postSolution
		SolutionGuid = {CCF019BD-F989-4F1A-8E08-4586C1B963F7}
	EndGlobalSection
EndGlobal
